
Microsoft Visual Studio Solution File, Format Version 12.00
# Visual Studio Version 17
VisualStudioVersion = 17.4.33213.308
MinimumVisualStudioVersion = 10.0.40219.1
Project("{8BC9CEB8-8B4A-11D0-8D11-00A0C91BC942}") = "AirWolf", "AirWolf\AirWolf.vcxproj", "{3FC55264-DD40-4170-B7A7-7B9F005D02CC}"
EndProject
Global
	GlobalSection(SolutionConfigurationPlatforms) = preSolution
		Debug|x64 = Debug|x64
		Debug|x86 = Debug|x86
		Release|x64 = Release|x64
		Release|x86 = Release|x86
	EndGlobalSection
	GlobalSection(ProjectConfigurationPlatforms) = postSolution
		{3FC55264-DD40-4170-B7A7-7B9F005D02CC}.Debug|x64.ActiveCfg = Debug|x64
		{3FC55264-DD40-4170-B7A7-7B9F005D02CC}.Debug|x64.Build.0 = Debug|x64
		{3FC55264-DD40-4170-B7A7-7B9F005D02CC}.Debug|x86.ActiveCfg = Debug|Win32
		{3FC55264-DD40-4170-B7A7-7B9F005D02CC}.Debug|x86.Build.0 = Debug|Win32
		{3FC55264-DD40-4170-B7A7-7B9F005D02CC}.Release|x64.ActiveCfg = Release|x64
		{3FC55264-DD40-4170-B7A7-7B9F005D02CC}.Release|x64.Build.0 = Release|x64
		{3FC55264-DD40-4170-B7A7-7B9F005D02CC}.Release|x86.ActiveCfg = Release|Win32
		{3FC55264-DD40-4170-B7A7-7B9F005D02CC}.Release|x86.Build.0 = Release|Win32
	EndGlobalSection
	GlobalSection(SolutionProperties) = preSolution
		HideSolutionNode = FALSE
	EndGlobalSection
	GlobalSection(ExtensibilityGlobals) = postSolution
		SolutionGuid = {7EC97416-CF80-4DE4-9297-942305916FC9}
	EndGlobalSection
EndGlobal
